// !$*UTF8*$!
{
	archiveVersion = 1;
	classes = {
	};
	objectVersion = 56;
	objects = {

/* Begin PBXBuildFile section */
		E367D5562AAB185400BC62B0 /* Secure_Enclave_SampleApp.swift in Sources */ = {isa = PBXBuildFile; fileRef = E367D5552AAB185400BC62B0 /* Secure_Enclave_SampleApp.swift */; };
		E367D5582AAB185400BC62B0 /* ContentView.swift in Sources */ = {isa = PBXBuildFile; fileRef = E367D5572AAB185400BC62B0 /* ContentView.swift */; };
		E367D55A2AAB185700BC62B0 /* Assets.xcassets in Resources */ = {isa = PBXBuildFile; fileRef = E367D5592AAB185700BC62B0 /* Assets.xcassets */; };
		E367D55E2AAB185700BC62B0 /* Preview Assets.xcassets in Resources */ = {isa = PBXBuildFile; fileRef = E367D55D2AAB185700BC62B0 /* Preview Assets.xcassets */; };
		E367D5682AAB185900BC62B0 /* Secure_Enclave_SampleTests.swift in Sources */ = {isa = PBXBuildFile; fileRef = E367D5672AAB185900BC62B0 /* Secure_Enclave_SampleTests.swift */; };
		E367D5722AAB185900BC62B0 /* Secure_Enclave_SampleUITests.swift in Sources */ = {isa = PBXBuildFile; fileRef = E367D5712AAB185900BC62B0 /* Secure_Enclave_SampleUITests.swift */; };
		E367D5742AAB185900BC62B0 /* Secure_Enclave_SampleUITestsLaunchTests.swift in Sources */ = {isa = PBXBuildFile; fileRef = E367D5732AAB185900BC62B0 /* Secure_Enclave_SampleUITestsLaunchTests.swift */; };
		E367D5812AAB2AF300BC62B0 /* SecureEnclaveManager.swift in Sources */ = {isa = PBXBuildFile; fileRef = E367D5802AAB2AF300BC62B0 /* SecureEnclaveManager.swift */; };
/* End PBXBuildFile section */

/* Begin PBXContainerItemProxy section */
		E367D5642AAB185900BC62B0 /* PBXContainerItemProxy */ = {
			isa = PBXContainerItemProxy;
			containerPortal = E367D54A2AAB185400BC62B0 /* Project object */;
			proxyType = 1;
			remoteGlobalIDString = E367D5512AAB185400BC62B0;
			remoteInfo = "Secure Enclave Sample";
		};
		E367D56E2AAB185900BC62B0 /* PBXContainerItemProxy */ = {
			isa = PBXContainerItemProxy;
			containerPortal = E367D54A2AAB185400BC62B0 /* Project object */;
			proxyType = 1;
			remoteGlobalIDString = E367D5512AAB185400BC62B0;
			remoteInfo = "Secure Enclave Sample";
		};
/* End PBXContainerItemProxy section */

/* Begin PBXFileReference section */
		E367D5522AAB185400BC62B0 /* Secure Enclave Sample.app */ = {isa = PBXFileReference; explicitFileType = wrapper.application; includeInIndex = 0; path = "Secure Enclave Sample.app"; sourceTree = BUILT_PRODUCTS_DIR; };
		E367D5552AAB185400BC62B0 /* Secure_Enclave_SampleApp.swift */ = {isa = PBXFileReference; lastKnownFileType = sourcecode.swift; path = Secure_Enclave_SampleApp.swift; sourceTree = "<group>"; };
		E367D5572AAB185400BC62B0 /* ContentView.swift */ = {isa = PBXFileReference; lastKnownFileType = sourcecode.swift; path = ContentView.swift; sourceTree = "<group>"; };
		E367D5592AAB185700BC62B0 /* Assets.xcassets */ = {isa = PBXFileReference; lastKnownFileType = folder.assetcatalog; path = Assets.xcassets; sourceTree = "<group>"; };
		E367D55B2AAB185700BC62B0 /* Secure_Enclave_Sample.entitlements */ = {isa = PBXFileReference; lastKnownFileType = text.plist.entitlements; path = Secure_Enclave_Sample.entitlements; sourceTree = "<group>"; };
		E367D55D2AAB185700BC62B0 /* Preview Assets.xcassets */ = {isa = PBXFileReference; lastKnownFileType = folder.assetcatalog; path = "Preview Assets.xcassets"; sourceTree = "<group>"; };
		E367D5632AAB185900BC62B0 /* Secure Enclave SampleTests.xctest */ = {isa = PBXFileReference; explicitFileType = wrapper.cfbundle; includeInIndex = 0; path = "Secure Enclave SampleTests.xctest"; sourceTree = BUILT_PRODUCTS_DIR; };
		E367D5672AAB185900BC62B0 /* Secure_Enclave_SampleTests.swift */ = {isa = PBXFileReference; lastKnownFileType = sourcecode.swift; path = Secure_Enclave_SampleTests.swift; sourceTree = "<group>"; };
		E367D56D2AAB185900BC62B0 /* Secure Enclave SampleUITests.xctest */ = {isa = PBXFileReference; explicitFileType = wrapper.cfbundle; includeInIndex = 0; path = "Secure Enclave SampleUITests.xctest"; sourceTree = BUILT_PRODUCTS_DIR; };
		E367D5712AAB185900BC62B0 /* Secure_Enclave_SampleUITests.swift */ = {isa = PBXFileReference; lastKnownFileType = sourcecode.swift; path = Secure_Enclave_SampleUITests.swift; sourceTree = "<group>"; };
		E367D5732AAB185900BC62B0 /* Secure_Enclave_SampleUITestsLaunchTests.swift */ = {isa = PBXFileReference; lastKnownFileType = sourcecode.swift; path = Secure_Enclave_SampleUITestsLaunchTests.swift; sourceTree = "<group>"; };
		E367D5802AAB2AF300BC62B0 /* SecureEnclaveManager.swift */ = {isa = PBXFileReference; lastKnownFileType = sourcecode.swift; path = SecureEnclaveManager.swift; sourceTree = "<group>"; };
/* End PBXFileReference section */

/* Begin PBXFrameworksBuildPhase section */
		E367D54F2AAB185400BC62B0 /* Frameworks */ = {
			isa = PBXFrameworksBuildPhase;
			buildActionMask = 2147483647;
			files = (
			);
			runOnlyForDeploymentPostprocessing = 0;
		};
		E367D5602AAB185900BC62B0 /* Frameworks */ = {
			isa = PBXFrameworksBuildPhase;
			buildActionMask = 2147483647;
			files = (
			);
			runOnlyForDeploymentPostprocessing = 0;
		};
		E367D56A2AAB185900BC62B0 /* Frameworks */ = {
			isa = PBXFrameworksBuildPhase;
			buildActionMask = 2147483647;
			files = (
			);
			runOnlyForDeploymentPostprocessing = 0;
		};
/* End PBXFrameworksBuildPhase section */

/* Begin PBXGroup section */
		E367D5492AAB185400BC62B0 = {
			isa = PBXGroup;
			children = (
				E367D5542AAB185400BC62B0 /* Secure Enclave Sample */,
				E367D5662AAB185900BC62B0 /* Secure Enclave SampleTests */,
				E367D5702AAB185900BC62B0 /* Secure Enclave SampleUITests */,
				E367D5532AAB185400BC62B0 /* Products */,
			);
			sourceTree = "<group>";
		};
		E367D5532AAB185400BC62B0 /* Products */ = {
			isa = PBXGroup;
			children = (
				E367D5522AAB185400BC62B0 /* Secure Enclave Sample.app */,
				E367D5632AAB185900BC62B0 /* Secure Enclave SampleTests.xctest */,
				E367D56D2AAB185900BC62B0 /* Secure Enclave SampleUITests.xctest */,
			);
			name = Products;
			sourceTree = "<group>";
		};
		E367D5542AAB185400BC62B0 /* Secure Enclave Sample */ = {
			isa = PBXGroup;
			children = (
				E367D5552AAB185400BC62B0 /* Secure_Enclave_SampleApp.swift */,
				E367D5572AAB185400BC62B0 /* ContentView.swift */,
				E367D5592AAB185700BC62B0 /* Assets.xcassets */,
				E367D55B2AAB185700BC62B0 /* Secure_Enclave_Sample.entitlements */,
				E367D55C2AAB185700BC62B0 /* Preview Content */,
				E367D5802AAB2AF300BC62B0 /* SecureEnclaveManager.swift */,
			);
			path = "Secure Enclave Sample";
			sourceTree = "<group>";
		};
		E367D55C2AAB185700BC62B0 /* Preview Content */ = {
			isa = PBXGroup;
			children = (
				E367D55D2AAB185700BC62B0 /* Preview Assets.xcassets */,
			);
			path = "Preview Content";
			sourceTree = "<group>";
		};
		E367D5662AAB185900BC62B0 /* Secure Enclave SampleTests */ = {
			isa = PBXGroup;
			children = (
				E367D5672AAB185900BC62B0 /* Secure_Enclave_SampleTests.swift */,
			);
			path = "Secure Enclave SampleTests";
			sourceTree = "<group>";
		};
		E367D5702AAB185900BC62B0 /* Secure Enclave SampleUITests */ = {
			isa = PBXGroup;
			children = (
				E367D5712AAB185900BC62B0 /* Secure_Enclave_SampleUITests.swift */,
				E367D5732AAB185900BC62B0 /* Secure_Enclave_SampleUITestsLaunchTests.swift */,
			);
			path = "Secure Enclave SampleUITests";
			sourceTree = "<group>";
		};
/* End PBXGroup section */

/* Begin PBXNativeTarget section */
		E367D5512AAB185400BC62B0 /* Secure Enclave Sample */ = {
			isa = PBXNativeTarget;
			buildConfigurationList = E367D5772AAB185900BC62B0 /* Build configuration list for PBXNativeTarget "Secure Enclave Sample" */;
			buildPhases = (
				E367D54E2AAB185400BC62B0 /* Sources */,
				E367D54F2AAB185400BC62B0 /* Frameworks */,
				E367D5502AAB185400BC62B0 /* Resources */,
			);
			buildRules = (
			);
			dependencies = (
			);
			name = "Secure Enclave Sample";
			productName = "Secure Enclave Sample";
			productReference = E367D5522AAB185400BC62B0 /* Secure Enclave Sample.app */;
			productType = "com.apple.product-type.application";
		};
		E367D5622AAB185900BC62B0 /* Secure Enclave SampleTests */ = {
			isa = PBXNativeTarget;
			buildConfigurationList = E367D57A2AAB185900BC62B0 /* Build configuration list for PBXNativeTarget "Secure Enclave SampleTests" */;
			buildPhases = (
				E367D55F2AAB185900BC62B0 /* Sources */,
				E367D5602AAB185900BC62B0 /* Frameworks */,
				E367D5612AAB185900BC62B0 /* Resources */,
			);
			buildRules = (
			);
			dependencies = (
				E367D5652AAB185900BC62B0 /* PBXTargetDependency */,
			);
			name = "Secure Enclave SampleTests";
			productName = "Secure Enclave SampleTests";
			productReference = E367D5632AAB185900BC62B0 /* Secure Enclave SampleTests.xctest */;
			productType = "com.apple.product-type.bundle.unit-test";
		};
		E367D56C2AAB185900BC62B0 /* Secure Enclave SampleUITests */ = {
			isa = PBXNativeTarget;
			buildConfigurationList = E367D57D2AAB185900BC62B0 /* Build configuration list for PBXNativeTarget "Secure Enclave SampleUITests" */;
			buildPhases = (
				E367D5692AAB185900BC62B0 /* Sources */,
				E367D56A2AAB185900BC62B0 /* Frameworks */,
				E367D56B2AAB185900BC62B0 /* Resources */,
			);
			buildRules = (
			);
			dependencies = (
				E367D56F2AAB185900BC62B0 /* PBXTargetDependency */,
			);
			name = "Secure Enclave SampleUITests";
			productName = "Secure Enclave SampleUITests";
			productReference = E367D56D2AAB185900BC62B0 /* Secure Enclave SampleUITests.xctest */;
			productType = "com.apple.product-type.bundle.ui-testing";
		};
/* End PBXNativeTarget section */

/* Begin PBXProject section */
		E367D54A2AAB185400BC62B0 /* Project object */ = {
			isa = PBXProject;
			attributes = {
				BuildIndependentTargetsInParallel = 1;
				LastSwiftUpdateCheck = 1430;
				LastUpgradeCheck = 1430;
				TargetAttributes = {
					E367D5512AAB185400BC62B0 = {
						CreatedOnToolsVersion = 14.3.1;
					};
					E367D5622AAB185900BC62B0 = {
						CreatedOnToolsVersion = 14.3.1;
						TestTargetID = E367D5512AAB185400BC62B0;
					};
					E367D56C2AAB185900BC62B0 = {
						CreatedOnToolsVersion = 14.3.1;
						TestTargetID = E367D5512AAB185400BC62B0;
					};
				};
			};
			buildConfigurationList = E367D54D2AAB185400BC62B0 /* Build configuration list for PBXProject "Secure Enclave Sample" */;
			compatibilityVersion = "Xcode 14.0";
			developmentRegion = en;
			hasScannedForEncodings = 0;
			knownRegions = (
				en,
				Base,
			);
			mainGroup = E367D5492AAB185400BC62B0;
			productRefGroup = E367D5532AAB185400BC62B0 /* Products */;
			projectDirPath = "";
			projectRoot = "";
			targets = (
				E367D5512AAB185400BC62B0 /* Secure Enclave Sample */,
				E367D5622AAB185900BC62B0 /* Secure Enclave SampleTests */,
				E367D56C2AAB185900BC62B0 /* Secure Enclave SampleUITests */,
			);
		};
/* End PBXProject section */

/* Begin PBXResourcesBuildPhase section */
		E367D5502AAB185400BC62B0 /* Resources */ = {
			isa = PBXResourcesBuildPhase;
			buildActionMask = 2147483647;
			files = (
				E367D55E2AAB185700BC62B0 /* Preview Assets.xcassets in Resources */,
				E367D55A2AAB185700BC62B0 /* Assets.xcassets in Resources */,
			);
			runOnlyForDeploymentPostprocessing = 0;
		};
		E367D5612AAB185900BC62B0 /* Resources */ = {
			isa = PBXResourcesBuildPhase;
			buildActionMask = 2147483647;
			files = (
			);
			runOnlyForDeploymentPostprocessing = 0;
		};
		E367D56B2AAB185900BC62B0 /* Resources */ = {
			isa = PBXResourcesBuildPhase;
			buildActionMask = 2147483647;
			files = (
			);
			runOnlyForDeploymentPostprocessing = 0;
		};
/* End PBXResourcesBuildPhase section */

/* Begin PBXSourcesBuildPhase section */
		E367D54E2AAB185400BC62B0 /* Sources */ = {
			isa = PBXSourcesBuildPhase;
			buildActionMask = 2147483647;
			files = (
				E367D5812AAB2AF300BC62B0 /* SecureEnclaveManager.swift in Sources */,
				E367D5582AAB185400BC62B0 /* ContentView.swift in Sources */,
				E367D5562AAB185400BC62B0 /* Secure_Enclave_SampleApp.swift in Sources */,
			);
			runOnlyForDeploymentPostprocessing = 0;
		};
		E367D55F2AAB185900BC62B0 /* Sources */ = {
			isa = PBXSourcesBuildPhase;
			buildActionMask = 2147483647;
			files = (
				E367D5682AAB185900BC62B0 /* Secure_Enclave_SampleTests.swift in Sources */,
			);
			runOnlyForDeploymentPostprocessing = 0;
		};
		E367D5692AAB185900BC62B0 /* Sources */ = {
			isa = PBXSourcesBuildPhase;
			buildActionMask = 2147483647;
			files = (
				E367D5742AAB185900BC62B0 /* Secure_Enclave_SampleUITestsLaunchTests.swift in Sources */,
				E367D5722AAB185900BC62B0 /* Secure_Enclave_SampleUITests.swift in Sources */,
			);
			runOnlyForDeploymentPostprocessing = 0;
		};
/* End PBXSourcesBuildPhase section */

/* Begin PBXTargetDependency section */
		E367D5652AAB185900BC62B0 /* PBXTargetDependency */ = {
			isa = PBXTargetDependency;
			target = E367D5512AAB185400BC62B0 /* Secure Enclave Sample */;
			targetProxy = E367D5642AAB185900BC62B0 /* PBXContainerItemProxy */;
		};
		E367D56F2AAB185900BC62B0 /* PBXTargetDependency */ = {
			isa = PBXTargetDependency;
			target = E367D5512AAB185400BC62B0 /* Secure Enclave Sample */;
			targetProxy = E367D56E2AAB185900BC62B0 /* PBXContainerItemProxy */;
		};
/* End PBXTargetDependency section */

/* Begin XCBuildConfiguration section */
		E367D5752AAB185900BC62B0 /* Debug */ = {
			isa = XCBuildConfiguration;
			buildSettings = {
				ALWAYS_SEARCH_USER_PATHS = NO;
				CLANG_ANALYZER_NONNULL = YES;
				CLANG_ANALYZER_NUMBER_OBJECT_CONVERSION = YES_AGGRESSIVE;
				CLANG_CXX_LANGUAGE_STANDARD = "gnu++20";
				CLANG_ENABLE_MODULES = YES;
				CLANG_ENABLE_OBJC_ARC = YES;
				CLANG_ENABLE_OBJC_WEAK = YES;
				CLANG_WARN_BLOCK_CAPTURE_AUTORELEASING = YES;
				CLANG_WARN_BOOL_CONVERSION = YES;
				CLANG_WARN_COMMA = YES;
				CLANG_WARN_CONSTANT_CONVERSION = YES;
				CLANG_WARN_DEPRECATED_OBJC_IMPLEMENTATIONS = YES;
				CLANG_WARN_DIRECT_OBJC_ISA_USAGE = YES_ERROR;
				CLANG_WARN_DOCUMENTATION_COMMENTS = YES;
				CLANG_WARN_EMPTY_BODY = YES;
				CLANG_WARN_ENUM_CONVERSION = YES;
				CLANG_WARN_INFINITE_RECURSION = YES;
				CLANG_WARN_INT_CONVERSION = YES;
				CLANG_WARN_NON_LITERAL_NULL_CONVERSION = YES;
				CLANG_WARN_OBJC_IMPLICIT_RETAIN_SELF = YES;
				CLANG_WARN_OBJC_LITERAL_CONVERSION = YES;
				CLANG_WARN_OBJC_ROOT_CLASS = YES_ERROR;
				CLANG_WARN_QUOTED_INCLUDE_IN_FRAMEWORK_HEADER = YES;
				CLANG_WARN_RANGE_LOOP_ANALYSIS = YES;
				CLANG_WARN_STRICT_PROTOTYPES = YES;
				CLANG_WARN_SUSPICIOUS_MOVE = YES;
				CLANG_WARN_UNGUARDED_AVAILABILITY = YES_AGGRESSIVE;
				CLANG_WARN_UNREACHABLE_CODE = YES;
				CLANG_WARN__DUPLICATE_METHOD_MATCH = YES;
				COPY_PHASE_STRIP = NO;
				DEBUG_INFORMATION_FORMAT = dwarf;
				ENABLE_STRICT_OBJC_MSGSEND = YES;
				ENABLE_TESTABILITY = YES;
				GCC_C_LANGUAGE_STANDARD = gnu11;
				GCC_DYNAMIC_NO_PIC = NO;
				GCC_NO_COMMON_BLOCKS = YES;
				GCC_OPTIMIZATION_LEVEL = 0;
				GCC_PREPROCESSOR_DEFINITIONS = (
					"DEBUG=1",
					"$(inherited)",
				);
				GCC_WARN_64_TO_32_BIT_CONVERSION = YES;
				GCC_WARN_ABOUT_RETURN_TYPE = YES_ERROR;
				GCC_WARN_UNDECLARED_SELECTOR = YES;
				GCC_WARN_UNINITIALIZED_AUTOS = YES_AGGRESSIVE;
				GCC_WARN_UNUSED_FUNCTION = YES;
				GCC_WARN_UNUSED_VARIABLE = YES;
				MTL_ENABLE_DEBUG_INFO = INCLUDE_SOURCE;
				MTL_FAST_MATH = YES;
				ONLY_ACTIVE_ARCH = YES;
				SWIFT_ACTIVE_COMPILATION_CONDITIONS = DEBUG;
				SWIFT_OPTIMIZATION_LEVEL = "-Onone";
			};
			name = Debug;
		};
		E367D5762AAB185900BC62B0 /* Release */ = {
			isa = XCBuildConfiguration;
			buildSettings = {
				ALWAYS_SEARCH_USER_PATHS = NO;
				CLANG_ANALYZER_NONNULL = YES;
				CLANG_ANALYZER_NUMBER_OBJECT_CONVERSION = YES_AGGRESSIVE;
				CLANG_CXX_LANGUAGE_STANDARD = "gnu++20";
				CLANG_ENABLE_MODULES = YES;
				CLANG_ENABLE_OBJC_ARC = YES;
				CLANG_ENABLE_OBJC_WEAK = YES;
				CLANG_WARN_BLOCK_CAPTURE_AUTORELEASING = YES;
				CLANG_WARN_BOOL_CONVERSION = YES;
				CLANG_WARN_COMMA = YES;
				CLANG_WARN_CONSTANT_CONVERSION = YES;
				CLANG_WARN_DEPRECATED_OBJC_IMPLEMENTATIONS = YES;
				CLANG_WARN_DIRECT_OBJC_ISA_USAGE = YES_ERROR;
				CLANG_WARN_DOCUMENTATION_COMMENTS = YES;
				CLANG_WARN_EMPTY_BODY = YES;
				CLANG_WARN_ENUM_CONVERSION = YES;
				CLANG_WARN_INFINITE_RECURSION = YES;
				CLANG_WARN_INT_CONVERSION = YES;
				CLANG_WARN_NON_LITERAL_NULL_CONVERSION = YES;
				CLANG_WARN_OBJC_IMPLICIT_RETAIN_SELF = YES;
				CLANG_WARN_OBJC_LITERAL_CONVERSION = YES;
				CLANG_WARN_OBJC_ROOT_CLASS = YES_ERROR;
				CLANG_WARN_QUOTED_INCLUDE_IN_FRAMEWORK_HEADER = YES;
				CLANG_WARN_RANGE_LOOP_ANALYSIS = YES;
				CLANG_WARN_STRICT_PROTOTYPES = YES;
				CLANG_WARN_SUSPICIOUS_MOVE = YES;
				CLANG_WARN_UNGUARDED_AVAILABILITY = YES_AGGRESSIVE;
				CLANG_WARN_UNREACHABLE_CODE = YES;
				CLANG_WARN__DUPLICATE_METHOD_MATCH = YES;
				COPY_PHASE_STRIP = NO;
				DEBUG_INFORMATION_FORMAT = "dwarf-with-dsym";
				ENABLE_NS_ASSERTIONS = NO;
				ENABLE_STRICT_OBJC_MSGSEND = YES;
				GCC_C_LANGUAGE_STANDARD = gnu11;
				GCC_NO_COMMON_BLOCKS = YES;
				GCC_WARN_64_TO_32_BIT_CONVERSION = YES;
				GCC_WARN_ABOUT_RETURN_TYPE = YES_ERROR;
				GCC_WARN_UNDECLARED_SELECTOR = YES;
				GCC_WARN_UNINITIALIZED_AUTOS = YES_AGGRESSIVE;
				GCC_WARN_UNUSED_FUNCTION = YES;
				GCC_WARN_UNUSED_VARIABLE = YES;
				MTL_ENABLE_DEBUG_INFO = NO;
				MTL_FAST_MATH = YES;
				SWIFT_COMPILATION_MODE = wholemodule;
				SWIFT_OPTIMIZATION_LEVEL = "-O";
			};
			name = Release;
		};
		E367D5782AAB185900BC62B0 /* Debug */ = {
			isa = XCBuildConfiguration;
			buildSettings = {
				ASSETCATALOG_COMPILER_APPICON_NAME = AppIcon;
				ASSETCATALOG_COMPILER_GLOBAL_ACCENT_COLOR_NAME = AccentColor;
				CODE_SIGN_ENTITLEMENTS = "Secure Enclave Sample/Secure_Enclave_Sample.entitlements";
				CODE_SIGN_STYLE = Automatic;
				CURRENT_PROJECT_VERSION = 1;
				DEVELOPMENT_ASSET_PATHS = "\"Secure Enclave Sample/Preview Content\"";
				DEVELOPMENT_TEAM = Q36SSH4RS2;
				ENABLE_HARDENED_RUNTIME = YES;
				ENABLE_PREVIEWS = YES;
				GENERATE_INFOPLIST_FILE = YES;
				INFOPLIST_KEY_CFBundleDisplayName = "Secure Enclave Sample";
				"INFOPLIST_KEY_UIApplicationSceneManifest_Generation[sdk=iphoneos*]" = YES;
				"INFOPLIST_KEY_UIApplicationSceneManifest_Generation[sdk=iphonesimulator*]" = YES;
				"INFOPLIST_KEY_UIApplicationSupportsIndirectInputEvents[sdk=iphoneos*]" = YES;
				"INFOPLIST_KEY_UIApplicationSupportsIndirectInputEvents[sdk=iphonesimulator*]" = YES;
				"INFOPLIST_KEY_UILaunchScreen_Generation[sdk=iphoneos*]" = YES;
				"INFOPLIST_KEY_UILaunchScreen_Generation[sdk=iphonesimulator*]" = YES;
				"INFOPLIST_KEY_UIStatusBarStyle[sdk=iphoneos*]" = UIStatusBarStyleDefault;
				"INFOPLIST_KEY_UIStatusBarStyle[sdk=iphonesimulator*]" = UIStatusBarStyleDefault;
				INFOPLIST_KEY_UISupportedInterfaceOrientations_iPad = "UIInterfaceOrientationPortrait UIInterfaceOrientationPortraitUpsideDown UIInterfaceOrientationLandscapeLeft UIInterfaceOrientationLandscapeRight";
				INFOPLIST_KEY_UISupportedInterfaceOrientations_iPhone = "UIInterfaceOrientationPortrait UIInterfaceOrientationLandscapeLeft UIInterfaceOrientationLandscapeRight";
				IPHONEOS_DEPLOYMENT_TARGET = 16.4;
				LD_RUNPATH_SEARCH_PATHS = "@executable_path/Frameworks";
				"LD_RUNPATH_SEARCH_PATHS[sdk=macosx*]" = "@executable_path/../Frameworks";
				MACOSX_DEPLOYMENT_TARGET = 13.3;
				MARKETING_VERSION = 1.0;
				PRODUCT_BUNDLE_IDENTIFIER = "com.entrust.Secure-Enclave-Sample";
				PRODUCT_NAME = "$(TARGET_NAME)";
				SDKROOT = auto;
				SUPPORTED_PLATFORMS = "iphoneos iphonesimulator macosx";
				SWIFT_EMIT_LOC_STRINGS = YES;
				SWIFT_VERSION = 5.0;
				TARGETED_DEVICE_FAMILY = "1,2";
			};
			name = Debug;
		};
		E367D5792AAB185900BC62B0 /* Release */ = {
			isa = XCBuildConfiguration;
			buildSettings = {
				ASSETCATALOG_COMPILER_APPICON_NAME = AppIcon;
				ASSETCATALOG_COMPILER_GLOBAL_ACCENT_COLOR_NAME = AccentColor;
				CODE_SIGN_ENTITLEMENTS = "Secure Enclave Sample/Secure_Enclave_Sample.entitlements";
				CODE_SIGN_STYLE = Automatic;
				CURRENT_PROJECT_VERSION = 1;
				DEVELOPMENT_ASSET_PATHS = "\"Secure Enclave Sample/Preview Content\"";
				DEVELOPMENT_TEAM = Q36SSH4RS2;
				ENABLE_HARDENED_RUNTIME = YES;
				ENABLE_PREVIEWS = YES;
				GENERATE_INFOPLIST_FILE = YES;
				INFOPLIST_KEY_CFBundleDisplayName = "Secure Enclave Sample";
				"INFOPLIST_KEY_UIApplicationSceneManifest_Generation[sdk=iphoneos*]" = YES;
				"INFOPLIST_KEY_UIApplicationSceneManifest_Generation[sdk=iphonesimulator*]" = YES;
				"INFOPLIST_KEY_UIApplicationSupportsIndirectInputEvents[sdk=iphoneos*]" = YES;
				"INFOPLIST_KEY_UIApplicationSupportsIndirectInputEvents[sdk=iphonesimulator*]" = YES;
				"INFOPLIST_KEY_UILaunchScreen_Generation[sdk=iphoneos*]" = YES;
				"INFOPLIST_KEY_UILaunchScreen_Generation[sdk=iphonesimulator*]" = YES;
				"INFOPLIST_KEY_UIStatusBarStyle[sdk=iphoneos*]" = UIStatusBarStyleDefault;
				"INFOPLIST_KEY_UIStatusBarStyle[sdk=iphonesimulator*]" = UIStatusBarStyleDefault;
				INFOPLIST_KEY_UISupportedInterfaceOrientations_iPad = "UIInterfaceOrientationPortrait UIInterfaceOrientationPortraitUpsideDown UIInterfaceOrientationLandscapeLeft UIInterfaceOrientationLandscapeRight";
				INFOPLIST_KEY_UISupportedInterfaceOrientations_iPhone = "UIInterfaceOrientationPortrait UIInterfaceOrientationLandscapeLeft UIInterfaceOrientationLandscapeRight";
				IPHONEOS_DEPLOYMENT_TARGET = 16.4;
				LD_RUNPATH_SEARCH_PATHS = "@executable_path/Frameworks";
				"LD_RUNPATH_SEARCH_PATHS[sdk=macosx*]" = "@executable_path/../Frameworks";
				MACOSX_DEPLOYMENT_TARGET = 13.3;
				MARKETING_VERSION = 1.0;
				PRODUCT_BUNDLE_IDENTIFIER = "com.entrust.Secure-Enclave-Sample";
				PRODUCT_NAME = "$(TARGET_NAME)";
				SDKROOT = auto;
				SUPPORTED_PLATFORMS = "iphoneos iphonesimulator macosx";
				SWIFT_EMIT_LOC_STRINGS = YES;
				SWIFT_VERSION = 5.0;
				TARGETED_DEVICE_FAMILY = "1,2";
			};
			name = Release;
		};
		E367D57B2AAB185900BC62B0 /* Debug */ = {
			isa = XCBuildConfiguration;
			buildSettings = {
				ALWAYS_EMBED_SWIFT_STANDARD_LIBRARIES = YES;
				BUNDLE_LOADER = "$(TEST_HOST)";
				CODE_SIGN_STYLE = Automatic;
				CURRENT_PROJECT_VERSION = 1;
				DEVELOPMENT_TEAM = Q36SSH4RS2;
				GENERATE_INFOPLIST_FILE = YES;
				IPHONEOS_DEPLOYMENT_TARGET = 16.4;
				MACOSX_DEPLOYMENT_TARGET = 13.3;
				MARKETING_VERSION = 1.0;
				PRODUCT_BUNDLE_IDENTIFIER = "com.entrust.Secure-Enclave-SampleTests";
				PRODUCT_NAME = "$(TARGET_NAME)";
				SDKROOT = auto;
				SUPPORTED_PLATFORMS = "iphoneos iphonesimulator macosx";
				SWIFT_EMIT_LOC_STRINGS = NO;
				SWIFT_VERSION = 5.0;
				TARGETED_DEVICE_FAMILY = "1,2";
				TEST_HOST = "$(BUILT_PRODUCTS_DIR)/Secure Enclave Sample.app/$(BUNDLE_EXECUTABLE_FOLDER_PATH)/Secure Enclave Sample";
			};
			name = Debug;
		};
		E367D57C2AAB185900BC62B0 /* Release */ = {
			isa = XCBuildConfiguration;
			buildSettings = {
				ALWAYS_EMBED_SWIFT_STANDARD_LIBRARIES = YES;
				BUNDLE_LOADER = "$(TEST_HOST)";
				CODE_SIGN_STYLE = Automatic;
				CURRENT_PROJECT_VERSION = 1;
				DEVELOPMENT_TEAM = Q36SSH4RS2;
				GENERATE_INFOPLIST_FILE = YES;
				IPHONEOS_DEPLOYMENT_TARGET = 16.4;
				MACOSX_DEPLOYMENT_TARGET = 13.3;
				MARKETING_VERSION = 1.0;
				PRODUCT_BUNDLE_IDENTIFIER = "com.entrust.Secure-Enclave-SampleTests";
				PRODUCT_NAME = "$(TARGET_NAME)";
				SDKROOT = auto;
				SUPPORTED_PLATFORMS = "iphoneos iphonesimulator macosx";
				SWIFT_EMIT_LOC_STRINGS = NO;
				SWIFT_VERSION = 5.0;
				TARGETED_DEVICE_FAMILY = "1,2";
				TEST_HOST = "$(BUILT_PRODUCTS_DIR)/Secure Enclave Sample.app/$(BUNDLE_EXECUTABLE_FOLDER_PATH)/Secure Enclave Sample";
			};
			name = Release;
		};
		E367D57E2AAB185900BC62B0 /* Debug */ = {
			isa = XCBuildConfiguration;
			buildSettings = {
				ALWAYS_EMBED_SWIFT_STANDARD_LIBRARIES = YES;
				CODE_SIGN_STYLE = Automatic;
				CURRENT_PROJECT_VERSION = 1;
				DEVELOPMENT_TEAM = Q36SSH4RS2;
				GENERATE_INFOPLIST_FILE = YES;
				IPHONEOS_DEPLOYMENT_TARGET = 16.4;
				MACOSX_DEPLOYMENT_TARGET = 13.3;
				MARKETING_VERSION = 1.0;
				PRODUCT_BUNDLE_IDENTIFIER = "com.entrust.Secure-Enclave-SampleUITests";
				PRODUCT_NAME = "$(TARGET_NAME)";
				SDKROOT = auto;
				SUPPORTED_PLATFORMS = "iphoneos iphonesimulator macosx";
				SWIFT_EMIT_LOC_STRINGS = NO;
				SWIFT_VERSION = 5.0;
				TARGETED_DEVICE_FAMILY = "1,2";
				TEST_TARGET_NAME = "Secure Enclave Sample";
			};
			name = Debug;
		};
		E367D57F2AAB185900BC62B0 /* Release */ = {
			isa = XCBuildConfiguration;
			buildSettings = {
				ALWAYS_EMBED_SWIFT_STANDARD_LIBRARIES = YES;
				CODE_SIGN_STYLE = Automatic;
				CURRENT_PROJECT_VERSION = 1;
				DEVELOPMENT_TEAM = Q36SSH4RS2;
				GENERATE_INFOPLIST_FILE = YES;
				IPHONEOS_DEPLOYMENT_TARGET = 16.4;
				MACOSX_DEPLOYMENT_TARGET = 13.3;
				MARKETING_VERSION = 1.0;
				PRODUCT_BUNDLE_IDENTIFIER = "com.entrust.Secure-Enclave-SampleUITests";
				PRODUCT_NAME = "$(TARGET_NAME)";
				SDKROOT = auto;
				SUPPORTED_PLATFORMS = "iphoneos iphonesimulator macosx";
				SWIFT_EMIT_LOC_STRINGS = NO;
				SWIFT_VERSION = 5.0;
				TARGETED_DEVICE_FAMILY = "1,2";
				TEST_TARGET_NAME = "Secure Enclave Sample";
			};
			name = Release;
		};
/* End XCBuildConfiguration section */

/* Begin XCConfigurationList section */
		E367D54D2AAB185400BC62B0 /* Build configuration list for PBXProject "Secure Enclave Sample" */ = {
			isa = XCConfigurationList;
			buildConfigurations = (
				E367D5752AAB185900BC62B0 /* Debug */,
				E367D5762AAB185900BC62B0 /* Release */,
			);
			defaultConfigurationIsVisible = 0;
			defaultConfigurationName = Release;
		};
		E367D5772AAB185900BC62B0 /* Build configuration list for PBXNativeTarget "Secure Enclave Sample" */ = {
			isa = XCConfigurationList;
			buildConfigurations = (
				E367D5782AAB185900BC62B0 /* Debug */,
				E367D5792AAB185900BC62B0 /* Release */,
			);
			defaultConfigurationIsVisible = 0;
			defaultConfigurationName = Release;
		};
		E367D57A2AAB185900BC62B0 /* Build configuration list for PBXNativeTarget "Secure Enclave SampleTests" */ = {
			isa = XCConfigurationList;
			buildConfigurations = (
				E367D57B2AAB185900BC62B0 /* Debug */,
				E367D57C2AAB185900BC62B0 /* Release */,
			);
			defaultConfigurationIsVisible = 0;
			defaultConfigurationName = Release;
		};
		E367D57D2AAB185900BC62B0 /* Build configuration list for PBXNativeTarget "Secure Enclave SampleUITests" */ = {
			isa = XCConfigurationList;
			buildConfigurations = (
				E367D57E2AAB185900BC62B0 /* Debug */,
				E367D57F2AAB185900BC62B0 /* Release */,
			);
			defaultConfigurationIsVisible = 0;
			defaultConfigurationName = Release;
		};
/* End XCConfigurationList section */
	};
	rootObject = E367D54A2AAB185400BC62B0 /* Project object */;
}
